// !$*UTF8*$!
{
	archiveVersion = 1;
	classes = {
	};
	objectVersion = 77;
	objects = {

/* Begin PBXContainerItemProxy section */
		310F86F12D5CF22B005F660F /* PBXContainerItemProxy */ = {
			isa = PBXContainerItemProxy;
			containerPortal = 310F86D82D5CF229005F660F /* Project object */;
			proxyType = 1;
			remoteGlobalIDString = 310F86DF2D5CF229005F660F;
			remoteInfo = ManagerOfSpending;
		};
		310F86FB2D5CF22B005F660F /* PBXContainerItemProxy */ = {
			isa = PBXContainerItemProxy;
			containerPortal = 310F86D82D5CF229005F660F /* Project object */;
			proxyType = 1;
			remoteGlobalIDString = 310F86DF2D5CF229005F660F;
			remoteInfo = ManagerOfSpending;
		};
/* End PBXContainerItemProxy section */

/* Begin PBXFileReference section */
		310F86E02D5CF229005F660F /* ManagerOfSpending.app */ = {isa = PBXFileReference; explicitFileType = wrapper.application; includeInIndex = 0; path = ManagerOfSpending.app; sourceTree = BUILT_PRODUCTS_DIR; };
		310F86F02D5CF22B005F660F /* ManagerOfSpendingTests.xctest */ = {isa = PBXFileReference; explicitFileType = wrapper.cfbundle; includeInIndex = 0; path = ManagerOfSpendingTests.xctest; sourceTree = BUILT_PRODUCTS_DIR; };
		310F86FA2D5CF22B005F660F /* ManagerOfSpendingUITests.xctest */ = {isa = PBXFileReference; explicitFileType = wrapper.cfbundle; includeInIndex = 0; path = ManagerOfSpendingUITests.xctest; sourceTree = BUILT_PRODUCTS_DIR; };
/* End PBXFileReference section */

/* Begin PBXFileSystemSynchronizedRootGroup section */
		310F86E22D5CF229005F660F /* ManagerOfSpending */ = {
			isa = PBXFileSystemSynchronizedRootGroup;
			path = ManagerOfSpending;
			sourceTree = "<group>";
		};
		310F86F32D5CF22B005F660F /* ManagerOfSpendingTests */ = {
			isa = PBXFileSystemSynchronizedRootGroup;
			path = ManagerOfSpendingTests;
			sourceTree = "<group>";
		};
		310F86FD2D5CF22B005F660F /* ManagerOfSpendingUITests */ = {
			isa = PBXFileSystemSynchronizedRootGroup;
			path = ManagerOfSpendingUITests;
			sourceTree = "<group>";
		};
/* End PBXFileSystemSynchronizedRootGroup section */

/* Begin PBXFrameworksBuildPhase section */
		310F86DD2D5CF229005F660F /* Frameworks */ = {
			isa = PBXFrameworksBuildPhase;
			buildActionMask = 2147483647;
			files = (
			);
			runOnlyForDeploymentPostprocessing = 0;
		};
		310F86ED2D5CF22B005F660F /* Frameworks */ = {
			isa = PBXFrameworksBuildPhase;
			buildActionMask = 2147483647;
			files = (
			);
			runOnlyForDeploymentPostprocessing = 0;
		};
		310F86F72D5CF22B005F660F /* Frameworks */ = {
			isa = PBXFrameworksBuildPhase;
			buildActionMask = 2147483647;
			files = (
			);
			runOnlyForDeploymentPostprocessing = 0;
		};
/* End PBXFrameworksBuildPhase section */

/* Begin PBXGroup section */
		310F86D72D5CF229005F660F = {
			isa = PBXGroup;
			children = (
				310F86E22D5CF229005F660F /* ManagerOfSpending */,
				310F86F32D5CF22B005F660F /* ManagerOfSpendingTests */,
				310F86FD2D5CF22B005F660F /* ManagerOfSpendingUITests */,
				310F86E12D5CF229005F660F /* Products */,
			);
			sourceTree = "<group>";
		};
		310F86E12D5CF229005F660F /* Products */ = {
			isa = PBXGroup;
			children = (
				310F86E02D5CF229005F660F /* ManagerOfSpending.app */,
				310F86F02D5CF22B005F660F /* ManagerOfSpendingTests.xctest */,
				310F86FA2D5CF22B005F660F /* ManagerOfSpendingUITests.xctest */,
			);
			name = Products;
			sourceTree = "<group>";
		};
/* End PBXGroup section */

/* Begin PBXNativeTarget section */
		310F86DF2D5CF229005F660F /* ManagerOfSpending */ = {
			isa = PBXNativeTarget;
			buildConfigurationList = 310F87042D5CF22B005F660F /* Build configuration list for PBXNativeTarget "ManagerOfSpending" */;
			buildPhases = (
				310F86DC2D5CF229005F660F /* Sources */,
				310F86DD2D5CF229005F660F /* Frameworks */,
				310F86DE2D5CF229005F660F /* Resources */,
			);
			buildRules = (
			);
			dependencies = (
			);
			fileSystemSynchronizedGroups = (
				310F86E22D5CF229005F660F /* ManagerOfSpending */,
			);
			name = ManagerOfSpending;
			packageProductDependencies = (
			);
			productName = ManagerOfSpending;
			productReference = 310F86E02D5CF229005F660F /* ManagerOfSpending.app */;
			productType = "com.apple.product-type.application";
		};
		310F86EF2D5CF22B005F660F /* ManagerOfSpendingTests */ = {
			isa = PBXNativeTarget;
			buildConfigurationList = 310F87072D5CF22B005F660F /* Build configuration list for PBXNativeTarget "ManagerOfSpendingTests" */;
			buildPhases = (
				310F86EC2D5CF22B005F660F /* Sources */,
				310F86ED2D5CF22B005F660F /* Frameworks */,
				310F86EE2D5CF22B005F660F /* Resources */,
			);
			buildRules = (
			);
			dependencies = (
				310F86F22D5CF22B005F660F /* PBXTargetDependency */,
			);
			fileSystemSynchronizedGroups = (
				310F86F32D5CF22B005F660F /* ManagerOfSpendingTests */,
			);
			name = ManagerOfSpendingTests;
			packageProductDependencies = (
			);
			productName = ManagerOfSpendingTests;
			productReference = 310F86F02D5CF22B005F660F /* ManagerOfSpendingTests.xctest */;
			productType = "com.apple.product-type.bundle.unit-test";
		};
		310F86F92D5CF22B005F660F /* ManagerOfSpendingUITests */ = {
			isa = PBXNativeTarget;
			buildConfigurationList = 310F870A2D5CF22B005F660F /* Build configuration list for PBXNativeTarget "ManagerOfSpendingUITests" */;
			buildPhases = (
				310F86F62D5CF22B005F660F /* Sources */,
				310F86F72D5CF22B005F660F /* Frameworks */,
				310F86F82D5CF22B005F660F /* Resources */,
			);
			buildRules = (
			);
			dependencies = (
				310F86FC2D5CF22B005F660F /* PBXTargetDependency */,
			);
			fileSystemSynchronizedGroups = (
				310F86FD2D5CF22B005F660F /* ManagerOfSpendingUITests */,
			);
			name = ManagerOfSpendingUITests;
			packageProductDependencies = (
			);
			productName = ManagerOfSpendingUITests;
			productReference = 310F86FA2D5CF22B005F660F /* ManagerOfSpendingUITests.xctest */;
			productType = "com.apple.product-type.bundle.ui-testing";
		};
/* End PBXNativeTarget section */

/* Begin PBXProject section */
		310F86D82D5CF229005F660F /* Project object */ = {
			isa = PBXProject;
			attributes = {
				BuildIndependentTargetsInParallel = 1;
				LastSwiftUpdateCheck = 1620;
				LastUpgradeCheck = 1620;
				TargetAttributes = {
					310F86DF2D5CF229005F660F = {
						CreatedOnToolsVersion = 16.2;
					};
					310F86EF2D5CF22B005F660F = {
						CreatedOnToolsVersion = 16.2;
						TestTargetID = 310F86DF2D5CF229005F660F;
					};
					310F86F92D5CF22B005F660F = {
						CreatedOnToolsVersion = 16.2;
						TestTargetID = 310F86DF2D5CF229005F660F;
					};
				};
			};
			buildConfigurationList = 310F86DB2D5CF229005F660F /* Build configuration list for PBXProject "ManagerOfSpending" */;
			developmentRegion = en;
			hasScannedForEncodings = 0;
			knownRegions = (
				en,
				Base,
			);
			mainGroup = 310F86D72D5CF229005F660F;
			minimizedProjectReferenceProxies = 1;
			preferredProjectObjectVersion = 77;
			productRefGroup = 310F86E12D5CF229005F660F /* Products */;
			projectDirPath = "";
			projectRoot = "";
			targets = (
				310F86DF2D5CF229005F660F /* ManagerOfSpending */,
				310F86EF2D5CF22B005F660F /* ManagerOfSpendingTests */,
				310F86F92D5CF22B005F660F /* ManagerOfSpendingUITests */,
			);
		};
/* End PBXProject section */

/* Begin PBXResourcesBuildPhase section */
		310F86DE2D5CF229005F660F /* Resources */ = {
			isa = PBXResourcesBuildPhase;
			buildActionMask = 2147483647;
			files = (
			);
			runOnlyForDeploymentPostprocessing = 0;
		};
		310F86EE2D5CF22B005F660F /* Resources */ = {
			isa = PBXResourcesBuildPhase;
			buildActionMask = 2147483647;
			files = (
			);
			runOnlyForDeploymentPostprocessing = 0;
		};
		310F86F82D5CF22B005F660F /* Resources */ = {
			isa = PBXResourcesBuildPhase;
			buildActionMask = 2147483647;
			files = (
			);
			runOnlyForDeploymentPostprocessing = 0;
		};
/* End PBXResourcesBuildPhase section */

/* Begin PBXSourcesBuildPhase section */
		310F86DC2D5CF229005F660F /* Sources */ = {
			isa = PBXSourcesBuildPhase;
			buildActionMask = 2147483647;
			files = (
			);
			runOnlyForDeploymentPostprocessing = 0;
		};
		310F86EC2D5CF22B005F660F /* Sources */ = {
			isa = PBXSourcesBuildPhase;
			buildActionMask = 2147483647;
			files = (
			);
			runOnlyForDeploymentPostprocessing = 0;
		};
		310F86F62D5CF22B005F660F /* Sources */ = {
			isa = PBXSourcesBuildPhase;
			buildActionMask = 2147483647;
			files = (
			);
			runOnlyForDeploymentPostprocessing = 0;
		};
/* End PBXSourcesBuildPhase section */

/* Begin PBXTargetDependency section */
		310F86F22D5CF22B005F660F /* PBXTargetDependency */ = {
			isa = PBXTargetDependency;
			target = 310F86DF2D5CF229005F660F /* ManagerOfSpending */;
			targetProxy = 310F86F12D5CF22B005F660F /* PBXContainerItemProxy */;
		};
		310F86FC2D5CF22B005F660F /* PBXTargetDependency */ = {
			isa = PBXTargetDependency;
			target = 310F86DF2D5CF229005F660F /* ManagerOfSpending */;
			targetProxy = 310F86FB2D5CF22B005F660F /* PBXContainerItemProxy */;
		};
/* End PBXTargetDependency section */

/* Begin XCBuildConfiguration section */
		310F87022D5CF22B005F660F /* Debug */ = {
			isa = XCBuildConfiguration;
			buildSettings = {
				ALWAYS_SEARCH_USER_PATHS = NO;
				ASSETCATALOG_COMPILER_GENERATE_SWIFT_ASSET_SYMBOL_EXTENSIONS = YES;
				CLANG_ANALYZER_NONNULL = YES;
				CLANG_ANALYZER_NUMBER_OBJECT_CONVERSION = YES_AGGRESSIVE;
				CLANG_CXX_LANGUAGE_STANDARD = "gnu++20";
				CLANG_ENABLE_MODULES = YES;
				CLANG_ENABLE_OBJC_ARC = YES;
				CLANG_ENABLE_OBJC_WEAK = YES;
				CLANG_WARN_BLOCK_CAPTURE_AUTORELEASING = YES;
				CLANG_WARN_BOOL_CONVERSION = YES;
				CLANG_WARN_COMMA = YES;
				CLANG_WARN_CONSTANT_CONVERSION = YES;
				CLANG_WARN_DEPRECATED_OBJC_IMPLEMENTATIONS = YES;
				CLANG_WARN_DIRECT_OBJC_ISA_USAGE = YES_ERROR;
				CLANG_WARN_DOCUMENTATION_COMMENTS = YES;
				CLANG_WARN_EMPTY_BODY = YES;
				CLANG_WARN_ENUM_CONVERSION = YES;
				CLANG_WARN_INFINITE_RECURSION = YES;
				CLANG_WARN_INT_CONVERSION = YES;
				CLANG_WARN_NON_LITERAL_NULL_CONVERSION = YES;
				CLANG_WARN_OBJC_IMPLICIT_RETAIN_SELF = YES;
				CLANG_WARN_OBJC_LITERAL_CONVERSION = YES;
				CLANG_WARN_OBJC_ROOT_CLASS = YES_ERROR;
				CLANG_WARN_QUOTED_INCLUDE_IN_FRAMEWORK_HEADER = YES;
				CLANG_WARN_RANGE_LOOP_ANALYSIS = YES;
				CLANG_WARN_STRICT_PROTOTYPES = YES;
				CLANG_WARN_SUSPICIOUS_MOVE = YES;
				CLANG_WARN_UNGUARDED_AVAILABILITY = YES_AGGRESSIVE;
				CLANG_WARN_UNREACHABLE_CODE = YES;
				CLANG_WARN__DUPLICATE_METHOD_MATCH = YES;
				COPY_PHASE_STRIP = NO;
				DEBUG_INFORMATION_FORMAT = dwarf;
				ENABLE_STRICT_OBJC_MSGSEND = YES;
				ENABLE_TESTABILITY = YES;
				ENABLE_USER_SCRIPT_SANDBOXING = YES;
				GCC_C_LANGUAGE_STANDARD = gnu17;
				GCC_DYNAMIC_NO_PIC = NO;
				GCC_NO_COMMON_BLOCKS = YES;
				GCC_OPTIMIZATION_LEVEL = 0;
				GCC_PREPROCESSOR_DEFINITIONS = (
					"DEBUG=1",
					"$(inherited)",
				);
				GCC_WARN_64_TO_32_BIT_CONVERSION = YES;
				GCC_WARN_ABOUT_RETURN_TYPE = YES_ERROR;
				GCC_WARN_UNDECLARED_SELECTOR = YES;
				GCC_WARN_UNINITIALIZED_AUTOS = YES_AGGRESSIVE;
				GCC_WARN_UNUSED_FUNCTION = YES;
				GCC_WARN_UNUSED_VARIABLE = YES;
				IPHONEOS_DEPLOYMENT_TARGET = 18.2;
				LOCALIZATION_PREFERS_STRING_CATALOGS = YES;
				MTL_ENABLE_DEBUG_INFO = INCLUDE_SOURCE;
				MTL_FAST_MATH = YES;
				ONLY_ACTIVE_ARCH = YES;
				SDKROOT = iphoneos;
				SWIFT_ACTIVE_COMPILATION_CONDITIONS = "DEBUG $(inherited)";
				SWIFT_OPTIMIZATION_LEVEL = "-Onone";
			};
			name = Debug;
		};
		310F87032D5CF22B005F660F /* Release */ = {
			isa = XCBuildConfiguration;
			buildSettings = {
				ALWAYS_SEARCH_USER_PATHS = NO;
				ASSETCATALOG_COMPILER_GENERATE_SWIFT_ASSET_SYMBOL_EXTENSIONS = YES;
				CLANG_ANALYZER_NONNULL = YES;
				CLANG_ANALYZER_NUMBER_OBJECT_CONVERSION = YES_AGGRESSIVE;
				CLANG_CXX_LANGUAGE_STANDARD = "gnu++20";
				CLANG_ENABLE_MODULES = YES;
				CLANG_ENABLE_OBJC_ARC = YES;
				CLANG_ENABLE_OBJC_WEAK = YES;
				CLANG_WARN_BLOCK_CAPTURE_AUTORELEASING = YES;
				CLANG_WARN_BOOL_CONVERSION = YES;
				CLANG_WARN_COMMA = YES;
				CLANG_WARN_CONSTANT_CONVERSION = YES;
				CLANG_WARN_DEPRECATED_OBJC_IMPLEMENTATIONS = YES;
				CLANG_WARN_DIRECT_OBJC_ISA_USAGE = YES_ERROR;
				CLANG_WARN_DOCUMENTATION_COMMENTS = YES;
				CLANG_WARN_EMPTY_BODY = YES;
				CLANG_WARN_ENUM_CONVERSION = YES;
				CLANG_WARN_INFINITE_RECURSION = YES;
				CLANG_WARN_INT_CONVERSION = YES;
				CLANG_WARN_NON_LITERAL_NULL_CONVERSION = YES;
				CLANG_WARN_OBJC_IMPLICIT_RETAIN_SELF = YES;
				CLANG_WARN_OBJC_LITERAL_CONVERSION = YES;
				CLANG_WARN_OBJC_ROOT_CLASS = YES_ERROR;
				CLANG_WARN_QUOTED_INCLUDE_IN_FRAMEWORK_HEADER = YES;
				CLANG_WARN_RANGE_LOOP_ANALYSIS = YES;
				CLANG_WARN_STRICT_PROTOTYPES = YES;
				CLANG_WARN_SUSPICIOUS_MOVE = YES;
				CLANG_WARN_UNGUARDED_AVAILABILITY = YES_AGGRESSIVE;
				CLANG_WARN_UNREACHABLE_CODE = YES;
				CLANG_WARN__DUPLICATE_METHOD_MATCH = YES;
				COPY_PHASE_STRIP = NO;
				DEBUG_INFORMATION_FORMAT = "dwarf-with-dsym";
				ENABLE_NS_ASSERTIONS = NO;
				ENABLE_STRICT_OBJC_MSGSEND = YES;
				ENABLE_USER_SCRIPT_SANDBOXING = YES;
				GCC_C_LANGUAGE_STANDARD = gnu17;
				GCC_NO_COMMON_BLOCKS = YES;
				GCC_WARN_64_TO_32_BIT_CONVERSION = YES;
				GCC_WARN_ABOUT_RETURN_TYPE = YES_ERROR;
				GCC_WARN_UNDECLARED_SELECTOR = YES;
				GCC_WARN_UNINITIALIZED_AUTOS = YES_AGGRESSIVE;
				GCC_WARN_UNUSED_FUNCTION = YES;
				GCC_WARN_UNUSED_VARIABLE = YES;
				IPHONEOS_DEPLOYMENT_TARGET = 18.2;
				LOCALIZATION_PREFERS_STRING_CATALOGS = YES;
				MTL_ENABLE_DEBUG_INFO = NO;
				MTL_FAST_MATH = YES;
				SDKROOT = iphoneos;
				SWIFT_COMPILATION_MODE = wholemodule;
				VALIDATE_PRODUCT = YES;
			};
			name = Release;
		};
		310F87052D5CF22B005F660F /* Debug */ = {
			isa = XCBuildConfiguration;
			buildSettings = {
				ASSETCATALOG_COMPILER_APPICON_NAME = AppIcon;
				ASSETCATALOG_COMPILER_GLOBAL_ACCENT_COLOR_NAME = AccentColor;
				CODE_SIGN_STYLE = Automatic;
				CURRENT_PROJECT_VERSION = 1;
				DEVELOPMENT_ASSET_PATHS = "\"ManagerOfSpending/Preview Content\"";
				ENABLE_PREVIEWS = YES;
				GENERATE_INFOPLIST_FILE = YES;
				INFOPLIST_KEY_UIApplicationSceneManifest_Generation = YES;
				INFOPLIST_KEY_UIApplicationSupportsIndirectInputEvents = YES;
				INFOPLIST_KEY_UILaunchScreen_Generation = YES;
				INFOPLIST_KEY_UISupportedInterfaceOrientations_iPad = "UIInterfaceOrientationPortrait UIInterfaceOrientationPortraitUpsideDown UIInterfaceOrientationLandscapeLeft UIInterfaceOrientationLandscapeRight";
				INFOPLIST_KEY_UISupportedInterfaceOrientations_iPhone = "UIInterfaceOrientationPortrait UIInterfaceOrientationLandscapeLeft UIInterfaceOrientationLandscapeRight";
				LD_RUNPATH_SEARCH_PATHS = (
					"$(inherited)",
					"@executable_path/Frameworks",
				);
				MARKETING_VERSION = 1.0;
				PRODUCT_BUNDLE_IDENTIFIER = im.ManagerOfSpending;
				PRODUCT_NAME = "$(TARGET_NAME)";
				SWIFT_EMIT_LOC_STRINGS = YES;
				SWIFT_VERSION = 5.0;
				TARGETED_DEVICE_FAMILY = "1,2";
			};
			name = Debug;
		};
		310F87062D5CF22B005F660F /* Release */ = {
			isa = XCBuildConfiguration;
			buildSettings = {
				ASSETCATALOG_COMPILER_APPICON_NAME = AppIcon;
				ASSETCATALOG_COMPILER_GLOBAL_ACCENT_COLOR_NAME = AccentColor;
				CODE_SIGN_STYLE = Automatic;
				CURRENT_PROJECT_VERSION = 1;
				DEVELOPMENT_ASSET_PATHS = "\"ManagerOfSpending/Preview Content\"";
				ENABLE_PREVIEWS = YES;
				GENERATE_INFOPLIST_FILE = YES;
				INFOPLIST_KEY_UIApplicationSceneManifest_Generation = YES;
				INFOPLIST_KEY_UIApplicationSupportsIndirectInputEvents = YES;
				INFOPLIST_KEY_UILaunchScreen_Generation = YES;
				INFOPLIST_KEY_UISupportedInterfaceOrientations_iPad = "UIInterfaceOrientationPortrait UIInterfaceOrientationPortraitUpsideDown UIInterfaceOrientationLandscapeLeft UIInterfaceOrientationLandscapeRight";
				INFOPLIST_KEY_UISupportedInterfaceOrientations_iPhone = "UIInterfaceOrientationPortrait UIInterfaceOrientationLandscapeLeft UIInterfaceOrientationLandscapeRight";
				LD_RUNPATH_SEARCH_PATHS = (
					"$(inherited)",
					"@executable_path/Frameworks",
				);
				MARKETING_VERSION = 1.0;
				PRODUCT_BUNDLE_IDENTIFIER = im.ManagerOfSpending;
				PRODUCT_NAME = "$(TARGET_NAME)";
				SWIFT_EMIT_LOC_STRINGS = YES;
				SWIFT_VERSION = 5.0;
				TARGETED_DEVICE_FAMILY = "1,2";
			};
			name = Release;
		};
		310F87082D5CF22B005F660F /* Debug */ = {
			isa = XCBuildConfiguration;
			buildSettings = {
				BUNDLE_LOADER = "$(TEST_HOST)";
				CODE_SIGN_STYLE = Automatic;
				CURRENT_PROJECT_VERSION = 1;
				GENERATE_INFOPLIST_FILE = YES;
				IPHONEOS_DEPLOYMENT_TARGET = 18.2;
				MARKETING_VERSION = 1.0;
				PRODUCT_BUNDLE_IDENTIFIER = im.ManagerOfSpendingTests;
				PRODUCT_NAME = "$(TARGET_NAME)";
				SWIFT_EMIT_LOC_STRINGS = NO;
				SWIFT_VERSION = 5.0;
				TARGETED_DEVICE_FAMILY = "1,2";
				TEST_HOST = "$(BUILT_PRODUCTS_DIR)/ManagerOfSpending.app/$(BUNDLE_EXECUTABLE_FOLDER_PATH)/ManagerOfSpending";
			};
			name = Debug;
		};
		310F87092D5CF22B005F660F /* Release */ = {
			isa = XCBuildConfiguration;
			buildSettings = {
				BUNDLE_LOADER = "$(TEST_HOST)";
				CODE_SIGN_STYLE = Automatic;
				CURRENT_PROJECT_VERSION = 1;
				GENERATE_INFOPLIST_FILE = YES;
				IPHONEOS_DEPLOYMENT_TARGET = 18.2;
				MARKETING_VERSION = 1.0;
				PRODUCT_BUNDLE_IDENTIFIER = im.ManagerOfSpendingTests;
				PRODUCT_NAME = "$(TARGET_NAME)";
				SWIFT_EMIT_LOC_STRINGS = NO;
				SWIFT_VERSION = 5.0;
				TARGETED_DEVICE_FAMILY = "1,2";
				TEST_HOST = "$(BUILT_PRODUCTS_DIR)/ManagerOfSpending.app/$(BUNDLE_EXECUTABLE_FOLDER_PATH)/ManagerOfSpending";
			};
			name = Release;
		};
		310F870B2D5CF22B005F660F /* Debug */ = {
			isa = XCBuildConfiguration;
			buildSettings = {
				CODE_SIGN_STYLE = Automatic;
				CURRENT_PROJECT_VERSION = 1;
				GENERATE_INFOPLIST_FILE = YES;
				MARKETING_VERSION = 1.0;
				PRODUCT_BUNDLE_IDENTIFIER = im.ManagerOfSpendingUITests;
				PRODUCT_NAME = "$(TARGET_NAME)";
				SWIFT_EMIT_LOC_STRINGS = NO;
				SWIFT_VERSION = 5.0;
				TARGETED_DEVICE_FAMILY = "1,2";
				TEST_TARGET_NAME = ManagerOfSpending;
			};
			name = Debug;
		};
		310F870C2D5CF22B005F660F /* Release */ = {
			isa = XCBuildConfiguration;
			buildSettings = {
				CODE_SIGN_STYLE = Automatic;
				CURRENT_PROJECT_VERSION = 1;
				GENERATE_INFOPLIST_FILE = YES;
				MARKETING_VERSION = 1.0;
				PRODUCT_BUNDLE_IDENTIFIER = im.ManagerOfSpendingUITests;
				PRODUCT_NAME = "$(TARGET_NAME)";
				SWIFT_EMIT_LOC_STRINGS = NO;
				SWIFT_VERSION = 5.0;
				TARGETED_DEVICE_FAMILY = "1,2";
				TEST_TARGET_NAME = ManagerOfSpending;
			};
			name = Release;
		};
/* End XCBuildConfiguration section */

/* Begin XCConfigurationList section */
		310F86DB2D5CF229005F660F /* Build configuration list for PBXProject "ManagerOfSpending" */ = {
			isa = XCConfigurationList;
			buildConfigurations = (
				310F87022D5CF22B005F660F /* Debug */,
				310F87032D5CF22B005F660F /* Release */,
			);
			defaultConfigurationIsVisible = 0;
			defaultConfigurationName = Release;
		};
		310F87042D5CF22B005F660F /* Build configuration list for PBXNativeTarget "ManagerOfSpending" */ = {
			isa = XCConfigurationList;
			buildConfigurations = (
				310F87052D5CF22B005F660F /* Debug */,
				310F87062D5CF22B005F660F /* Release */,
			);
			defaultConfigurationIsVisible = 0;
			defaultConfigurationName = Release;
		};
		310F87072D5CF22B005F660F /* Build configuration list for PBXNativeTarget "ManagerOfSpendingTests" */ = {
			isa = XCConfigurationList;
			buildConfigurations = (
				310F87082D5CF22B005F660F /* Debug */,
				310F87092D5CF22B005F660F /* Release */,
			);
			defaultConfigurationIsVisible = 0;
			defaultConfigurationName = Release;
		};
		310F870A2D5CF22B005F660F /* Build configuration list for PBXNativeTarget "ManagerOfSpendingUITests" */ = {
			isa = XCConfigurationList;
			buildConfigurations = (
				310F870B2D5CF22B005F660F /* Debug */,
				310F870C2D5CF22B005F660F /* Release */,
			);
			defaultConfigurationIsVisible = 0;
			defaultConfigurationName = Release;
		};
/* End XCConfigurationList section */
	};
	rootObject = 310F86D82D5CF229005F660F /* Project object */;
}
